
Microsoft Visual Studio Solution File, Format Version 12.00
# Visual Studio Version 17
VisualStudioVersion = 17.5.33516.290
MinimumVisualStudioVersion = 10.0.40219.1
Project("{2150E333-8FDC-42A3-9474-1A3956D46DE8}") = "Code", "Code", "{64472F02-1C42-431D-88FD-BB2C02D892F4}"
EndProject
Project("{2150E333-8FDC-42A3-9474-1A3956D46DE8}") = "Docs", "Docs", "{F54EBA1A-B2CE-483B-A926-18B0AFB1D42C}"
	ProjectSection(SolutionItems) = preProject
		.editorconfig = .editorconfig
		CONTRIBUTING.md = CONTRIBUTING.md
		DEPLOYNOTES.md = DEPLOYNOTES.md
		Fundamentals.sln.headertext = Fundamentals.sln.headertext
		LICENSE.md = LICENSE.md
		README.md = README.md
	EndProjectSection
EndProject
Project("{9A19103F-16F7-4668-BE54-9A1E7A4F7556}") = "Fundamentals", "Fundamentals\Fundamentals.csproj", "{518E71EC-270F-41FE-9AB7-F395704CDB99}"
EndProject
Project("{2150E333-8FDC-42A3-9474-1A3956D46DE8}") = "Tests", "Tests", "{0F2ADB8D-663C-45DC-BF02-1E09E4FE1918}"
EndProject
Project("{9A19103F-16F7-4668-BE54-9A1E7A4F7556}") = "UnitTests", "UnitTests\UnitTests.csproj", "{3A3AEAAD-B9F1-4535-BF49-E31E1A0D36F1}"
EndProject
Project("{9A19103F-16F7-4668-BE54-9A1E7A4F7556}") = "LoggingDemo", "LoggingDemo\LoggingDemo.csproj", "{EED6B760-06AC-41F5-8DBD-1A0BEED9A276}"
EndProject
Project("{2150E333-8FDC-42A3-9474-1A3956D46DE8}") = "Workflows", "Workflows", "{6B174FEA-EC5D-4B54-B71D-9EAB4B98740B}"
	ProjectSection(SolutionItems) = preProject
		.github\workflows\ci.yml = .github\workflows\ci.yml
		.github\workflows\release.yml = .github\workflows\release.yml
	EndProjectSection
EndProject
Global
	GlobalSection(SolutionConfigurationPlatforms) = preSolution
		Debug|Any CPU = Debug|Any CPU
		Release|Any CPU = Release|Any CPU
	EndGlobalSection
	GlobalSection(ProjectConfigurationPlatforms) = postSolution
		{518E71EC-270F-41FE-9AB7-F395704CDB99}.Debug|Any CPU.ActiveCfg = Debug|Any CPU
		{518E71EC-270F-41FE-9AB7-F395704CDB99}.Debug|Any CPU.Build.0 = Debug|Any CPU
		{518E71EC-270F-41FE-9AB7-F395704CDB99}.Release|Any CPU.ActiveCfg = Release|Any CPU
		{518E71EC-270F-41FE-9AB7-F395704CDB99}.Release|Any CPU.Build.0 = Release|Any CPU
		{3A3AEAAD-B9F1-4535-BF49-E31E1A0D36F1}.Debug|Any CPU.ActiveCfg = Debug|Any CPU
		{3A3AEAAD-B9F1-4535-BF49-E31E1A0D36F1}.Debug|Any CPU.Build.0 = Debug|Any CPU
		{3A3AEAAD-B9F1-4535-BF49-E31E1A0D36F1}.Release|Any CPU.ActiveCfg = Release|Any CPU
		{3A3AEAAD-B9F1-4535-BF49-E31E1A0D36F1}.Release|Any CPU.Build.0 = Release|Any CPU
		{EED6B760-06AC-41F5-8DBD-1A0BEED9A276}.Debug|Any CPU.ActiveCfg = Debug|Any CPU
		{EED6B760-06AC-41F5-8DBD-1A0BEED9A276}.Debug|Any CPU.Build.0 = Debug|Any CPU
		{EED6B760-06AC-41F5-8DBD-1A0BEED9A276}.Release|Any CPU.ActiveCfg = Release|Any CPU
		{EED6B760-06AC-41F5-8DBD-1A0BEED9A276}.Release|Any CPU.Build.0 = Release|Any CPU
	EndGlobalSection
	GlobalSection(SolutionProperties) = preSolution
		HideSolutionNode = FALSE
	EndGlobalSection
	GlobalSection(NestedProjects) = preSolution
		{518E71EC-270F-41FE-9AB7-F395704CDB99} = {64472F02-1C42-431D-88FD-BB2C02D892F4}
		{3A3AEAAD-B9F1-4535-BF49-E31E1A0D36F1} = {0F2ADB8D-663C-45DC-BF02-1E09E4FE1918}
		{EED6B760-06AC-41F5-8DBD-1A0BEED9A276} = {0F2ADB8D-663C-45DC-BF02-1E09E4FE1918}
	EndGlobalSection
	GlobalSection(ExtensibilityGlobals) = postSolution
		SolutionGuid = {E4213357-69B3-43B4-AFBF-FE235049AE92}
	EndGlobalSection
EndGlobal
